
Microsoft Visual Studio Solution File, Format Version 12.00
# Visual Studio Version 17
VisualStudioVersion = 17.9.34607.119
MinimumVisualStudioVersion = 10.0.40219.1
Project("{9A19103F-16F7-4668-BE54-9A1E7A4F7556}") = "WebApplicationfromLab_7", "WebApplicationfromLab_7.csproj", "{EFD90245-950B-4FB2-B324-6C67F57038E3}"
EndProject
Global
	GlobalSection(SolutionConfigurationPlatforms) = preSolution
		Debug|Any CPU = Debug|Any CPU
		Release|Any CPU = Release|Any CPU
	EndGlobalSection
	GlobalSection(ProjectConfigurationPlatforms) = postSolution
		{EFD90245-950B-4FB2-B324-6C67F57038E3}.Debug|Any CPU.ActiveCfg = Debug|Any CPU
		{EFD90245-950B-4FB2-B324-6C67F57038E3}.Debug|Any CPU.Build.0 = Debug|Any CPU
		{EFD90245-950B-4FB2-B324-6C67F57038E3}.Release|Any CPU.ActiveCfg = Release|Any CPU
		{EFD90245-950B-4FB2-B324-6C67F57038E3}.Release|Any CPU.Build.0 = Release|Any CPU
	EndGlobalSection
	GlobalSection(SolutionProperties) = preSolution
		HideSolutionNode = FALSE
	EndGlobalSection
	GlobalSection(ExtensibilityGlobals) = postSolution
		SolutionGuid = {69BBD724-CE12-4ED2-945D-79CEEE6459BC}
	EndGlobalSection
EndGlobal
